
Microsoft Visual Studio Solution File, Format Version 12.00
# Visual Studio Version 17
VisualStudioVersion = 17.5.33414.496
MinimumVisualStudioVersion = 10.0.40219.1
Project("{FAE04EC0-301F-11D3-BF4B-00C04F79EFBC}") = "ReadingAFile", "ReadingAFile\ReadingAFile.csproj", "{5473CEFC-9269-4419-B6F5-7DF04F00B8BE}"
EndProject
Global
	GlobalSection(SolutionConfigurationPlatforms) = preSolution
		Debug|Any CPU = Debug|Any CPU
		Release|Any CPU = Release|Any CPU
	EndGlobalSection
	GlobalSection(ProjectConfigurationPlatforms) = postSolution
		{5473CEFC-9269-4419-B6F5-7DF04F00B8BE}.Debug|Any CPU.ActiveCfg = Debug|Any CPU
		{5473CEFC-9269-4419-B6F5-7DF04F00B8BE}.Debug|Any CPU.Build.0 = Debug|Any CPU
		{5473CEFC-9269-4419-B6F5-7DF04F00B8BE}.Release|Any CPU.ActiveCfg = Release|Any CPU
		{5473CEFC-9269-4419-B6F5-7DF04F00B8BE}.Release|Any CPU.Build.0 = Release|Any CPU
	EndGlobalSection
	GlobalSection(SolutionProperties) = preSolution
		HideSolutionNode = FALSE
	EndGlobalSection
	GlobalSection(ExtensibilityGlobals) = postSolution
		SolutionGuid = {AB2E5AF4-B13C-458F-8BE9-A6B71DE5CDA3}
	EndGlobalSection
EndGlobal
